// !$*UTF8*$!
{
	archiveVersion = 1;
	classes = {
	};
	objectVersion = 56;
	objects = {

/* Begin PBXBuildFile section */
		841533402C37C800005CB744 /* PokemonDataModel.xcdatamodeld in Sources */ = {isa = PBXBuildFile; fileRef = 8415333E2C37C800005CB744 /* PokemonDataModel.xcdatamodeld */; };
		841533432C37CA1E005CB744 /* StorageProvider.swift in Sources */ = {isa = PBXBuildFile; fileRef = 841533422C37CA1C005CB744 /* StorageProvider.swift */; };
		842C2F652C3451C9009AF60D /* HomeViewController.swift in Sources */ = {isa = PBXBuildFile; fileRef = 842C2F642C3451C3009AF60D /* HomeViewController.swift */; };
		842C2F672C3451F9009AF60D /* DetailViewController.swift in Sources */ = {isa = PBXBuildFile; fileRef = 842C2F662C3451F7009AF60D /* DetailViewController.swift */; };
		842C2F692C345217009AF60D /* HomeViewCell.swift in Sources */ = {isa = PBXBuildFile; fileRef = 842C2F682C345216009AF60D /* HomeViewCell.swift */; };
		842C2F6C2C345235009AF60D /* PokemonListModel.swift in Sources */ = {isa = PBXBuildFile; fileRef = 842C2F6B2C345234009AF60D /* PokemonListModel.swift */; };
		842C2F6E2C345259009AF60D /* NetworkError.swift in Sources */ = {isa = PBXBuildFile; fileRef = 842C2F6D2C345257009AF60D /* NetworkError.swift */; };
		842C2F702C34526E009AF60D /* Constant.swift in Sources */ = {isa = PBXBuildFile; fileRef = 842C2F6F2C34526D009AF60D /* Constant.swift */; };
		842C2F762C3454D7009AF60D /* HomeView.swift in Sources */ = {isa = PBXBuildFile; fileRef = 842C2F752C3454D4009AF60D /* HomeView.swift */; };
		842C2F7B2C345BB2009AF60D /* HomeApiService.swift in Sources */ = {isa = PBXBuildFile; fileRef = 842C2F7A2C345B9F009AF60D /* HomeApiService.swift */; };
		842C2F7D2C345D00009AF60D /* DetailView.swift in Sources */ = {isa = PBXBuildFile; fileRef = 842C2F7C2C345CFC009AF60D /* DetailView.swift */; };
		843A67D52C12021000B4C9E2 /* AppDelegate.swift in Sources */ = {isa = PBXBuildFile; fileRef = 843A67D42C12021000B4C9E2 /* AppDelegate.swift */; };
		843A67D72C12021000B4C9E2 /* SceneDelegate.swift in Sources */ = {isa = PBXBuildFile; fileRef = 843A67D62C12021000B4C9E2 /* SceneDelegate.swift */; };
		843A67DE2C12021200B4C9E2 /* Assets.xcassets in Resources */ = {isa = PBXBuildFile; fileRef = 843A67DD2C12021200B4C9E2 /* Assets.xcassets */; };
		843A67EC2C12021200B4C9E2 /* MVC_ArchitectureTests.swift in Sources */ = {isa = PBXBuildFile; fileRef = 843A67EB2C12021200B4C9E2 /* MVC_ArchitectureTests.swift */; };
		843A67F62C12021200B4C9E2 /* MVC_ArchitectureUITests.swift in Sources */ = {isa = PBXBuildFile; fileRef = 843A67F52C12021200B4C9E2 /* MVC_ArchitectureUITests.swift */; };
		843A67F82C12021200B4C9E2 /* MVC_ArchitectureUITestsLaunchTests.swift in Sources */ = {isa = PBXBuildFile; fileRef = 843A67F72C12021200B4C9E2 /* MVC_ArchitectureUITestsLaunchTests.swift */; };
		8444BC012C369AB5007AF43D /* Kingfisher in Frameworks */ = {isa = PBXBuildFile; productRef = 8444BC002C369AB5007AF43D /* Kingfisher */; };
		8444BC052C36A55F007AF43D /* UIImageView+Extension.swift in Sources */ = {isa = PBXBuildFile; fileRef = 8444BC042C36A556007AF43D /* UIImageView+Extension.swift */; };
		84636E012C40263300C93AE7 /* FavouriteViewController.swift in Sources */ = {isa = PBXBuildFile; fileRef = 84636E002C40263300C93AE7 /* FavouriteViewController.swift */; };
		84636E032C40392F00C93AE7 /* BaseNavigationController.swift in Sources */ = {isa = PBXBuildFile; fileRef = 84636E022C40392900C93AE7 /* BaseNavigationController.swift */; };
		8498897D2C41021800BB4E55 /* SVProgressHUD in Frameworks */ = {isa = PBXBuildFile; productRef = 8498897C2C41021800BB4E55 /* SVProgressHUD */; };
		8498897F2C4102CF00BB4E55 /* UIViewController+Extension.swift in Sources */ = {isa = PBXBuildFile; fileRef = 8498897E2C4102C600BB4E55 /* UIViewController+Extension.swift */; };
		849889812C41035B00BB4E55 /* FavouriteView.swift in Sources */ = {isa = PBXBuildFile; fileRef = 849889802C41035700BB4E55 /* FavouriteView.swift */; };
		849889832C4103C500BB4E55 /* FavouriteViewCell.swift in Sources */ = {isa = PBXBuildFile; fileRef = 849889822C4103BE00BB4E55 /* FavouriteViewCell.swift */; };
		84BDFD332C356DE0003B65BC /* DetailApiService.swift in Sources */ = {isa = PBXBuildFile; fileRef = 84BDFD322C356DDB003B65BC /* DetailApiService.swift */; };
		84BDFD352C356E81003B65BC /* PokemonDetailModel.swift in Sources */ = {isa = PBXBuildFile; fileRef = 84BDFD342C356E80003B65BC /* PokemonDetailModel.swift */; };
/* End PBXBuildFile section */

/* Begin PBXContainerItemProxy section */
		843A67E82C12021200B4C9E2 /* PBXContainerItemProxy */ = {
			isa = PBXContainerItemProxy;
			containerPortal = 843A67C92C12021000B4C9E2 /* Project object */;
			proxyType = 1;
			remoteGlobalIDString = 843A67D02C12021000B4C9E2;
			remoteInfo = "MVC-Architecture";
		};
		843A67F22C12021200B4C9E2 /* PBXContainerItemProxy */ = {
			isa = PBXContainerItemProxy;
			containerPortal = 843A67C92C12021000B4C9E2 /* Project object */;
			proxyType = 1;
			remoteGlobalIDString = 843A67D02C12021000B4C9E2;
			remoteInfo = "MVC-Architecture";
		};
/* End PBXContainerItemProxy section */

/* Begin PBXFileReference section */
		8415333F2C37C800005CB744 /* PokemonDataModel.xcdatamodel */ = {isa = PBXFileReference; lastKnownFileType = wrapper.xcdatamodel; path = PokemonDataModel.xcdatamodel; sourceTree = "<group>"; };
		841533422C37CA1C005CB744 /* StorageProvider.swift */ = {isa = PBXFileReference; lastKnownFileType = sourcecode.swift; path = StorageProvider.swift; sourceTree = "<group>"; };
		842C2F642C3451C3009AF60D /* HomeViewController.swift */ = {isa = PBXFileReference; lastKnownFileType = sourcecode.swift; path = HomeViewController.swift; sourceTree = "<group>"; };
		842C2F662C3451F7009AF60D /* DetailViewController.swift */ = {isa = PBXFileReference; lastKnownFileType = sourcecode.swift; path = DetailViewController.swift; sourceTree = "<group>"; };
		842C2F682C345216009AF60D /* HomeViewCell.swift */ = {isa = PBXFileReference; lastKnownFileType = sourcecode.swift; path = HomeViewCell.swift; sourceTree = "<group>"; };
		842C2F6B2C345234009AF60D /* PokemonListModel.swift */ = {isa = PBXFileReference; lastKnownFileType = sourcecode.swift; path = PokemonListModel.swift; sourceTree = "<group>"; };
		842C2F6D2C345257009AF60D /* NetworkError.swift */ = {isa = PBXFileReference; lastKnownFileType = sourcecode.swift; path = NetworkError.swift; sourceTree = "<group>"; };
		842C2F6F2C34526D009AF60D /* Constant.swift */ = {isa = PBXFileReference; lastKnownFileType = sourcecode.swift; path = Constant.swift; sourceTree = "<group>"; };
		842C2F752C3454D4009AF60D /* HomeView.swift */ = {isa = PBXFileReference; lastKnownFileType = sourcecode.swift; path = HomeView.swift; sourceTree = "<group>"; };
		842C2F7A2C345B9F009AF60D /* HomeApiService.swift */ = {isa = PBXFileReference; lastKnownFileType = sourcecode.swift; path = HomeApiService.swift; sourceTree = "<group>"; };
		842C2F7C2C345CFC009AF60D /* DetailView.swift */ = {isa = PBXFileReference; lastKnownFileType = sourcecode.swift; path = DetailView.swift; sourceTree = "<group>"; };
		843A67D12C12021000B4C9E2 /* MVC-Architecture.app */ = {isa = PBXFileReference; explicitFileType = wrapper.application; includeInIndex = 0; path = "MVC-Architecture.app"; sourceTree = BUILT_PRODUCTS_DIR; };
		843A67D42C12021000B4C9E2 /* AppDelegate.swift */ = {isa = PBXFileReference; lastKnownFileType = sourcecode.swift; path = AppDelegate.swift; sourceTree = "<group>"; };
		843A67D62C12021000B4C9E2 /* SceneDelegate.swift */ = {isa = PBXFileReference; lastKnownFileType = sourcecode.swift; path = SceneDelegate.swift; sourceTree = "<group>"; };
		843A67DD2C12021200B4C9E2 /* Assets.xcassets */ = {isa = PBXFileReference; lastKnownFileType = folder.assetcatalog; path = Assets.xcassets; sourceTree = "<group>"; };
		843A67E22C12021200B4C9E2 /* Info.plist */ = {isa = PBXFileReference; lastKnownFileType = text.plist.xml; path = Info.plist; sourceTree = "<group>"; };
		843A67E72C12021200B4C9E2 /* MVC-ArchitectureTests.xctest */ = {isa = PBXFileReference; explicitFileType = wrapper.cfbundle; includeInIndex = 0; path = "MVC-ArchitectureTests.xctest"; sourceTree = BUILT_PRODUCTS_DIR; };
		843A67EB2C12021200B4C9E2 /* MVC_ArchitectureTests.swift */ = {isa = PBXFileReference; lastKnownFileType = sourcecode.swift; path = MVC_ArchitectureTests.swift; sourceTree = "<group>"; };
		843A67F12C12021200B4C9E2 /* MVC-ArchitectureUITests.xctest */ = {isa = PBXFileReference; explicitFileType = wrapper.cfbundle; includeInIndex = 0; path = "MVC-ArchitectureUITests.xctest"; sourceTree = BUILT_PRODUCTS_DIR; };
		843A67F52C12021200B4C9E2 /* MVC_ArchitectureUITests.swift */ = {isa = PBXFileReference; lastKnownFileType = sourcecode.swift; path = MVC_ArchitectureUITests.swift; sourceTree = "<group>"; };
		843A67F72C12021200B4C9E2 /* MVC_ArchitectureUITestsLaunchTests.swift */ = {isa = PBXFileReference; lastKnownFileType = sourcecode.swift; path = MVC_ArchitectureUITestsLaunchTests.swift; sourceTree = "<group>"; };
		8444BC042C36A556007AF43D /* UIImageView+Extension.swift */ = {isa = PBXFileReference; lastKnownFileType = sourcecode.swift; path = "UIImageView+Extension.swift"; sourceTree = "<group>"; };
		84636E002C40263300C93AE7 /* FavouriteViewController.swift */ = {isa = PBXFileReference; lastKnownFileType = sourcecode.swift; path = FavouriteViewController.swift; sourceTree = "<group>"; };
		84636E022C40392900C93AE7 /* BaseNavigationController.swift */ = {isa = PBXFileReference; lastKnownFileType = sourcecode.swift; path = BaseNavigationController.swift; sourceTree = "<group>"; };
		8498897E2C4102C600BB4E55 /* UIViewController+Extension.swift */ = {isa = PBXFileReference; lastKnownFileType = sourcecode.swift; path = "UIViewController+Extension.swift"; sourceTree = "<group>"; };
		849889802C41035700BB4E55 /* FavouriteView.swift */ = {isa = PBXFileReference; lastKnownFileType = sourcecode.swift; path = FavouriteView.swift; sourceTree = "<group>"; };
		849889822C4103BE00BB4E55 /* FavouriteViewCell.swift */ = {isa = PBXFileReference; lastKnownFileType = sourcecode.swift; path = FavouriteViewCell.swift; sourceTree = "<group>"; };
		84BDFD322C356DDB003B65BC /* DetailApiService.swift */ = {isa = PBXFileReference; lastKnownFileType = sourcecode.swift; path = DetailApiService.swift; sourceTree = "<group>"; };
		84BDFD342C356E80003B65BC /* PokemonDetailModel.swift */ = {isa = PBXFileReference; lastKnownFileType = sourcecode.swift; path = PokemonDetailModel.swift; sourceTree = "<group>"; };
/* End PBXFileReference section */

/* Begin PBXFrameworksBuildPhase section */
		843A67CE2C12021000B4C9E2 /* Frameworks */ = {
			isa = PBXFrameworksBuildPhase;
			buildActionMask = 2147483647;
			files = (
				8498897D2C41021800BB4E55 /* SVProgressHUD in Frameworks */,
				8444BC012C369AB5007AF43D /* Kingfisher in Frameworks */,
			);
			runOnlyForDeploymentPostprocessing = 0;
		};
		843A67E42C12021200B4C9E2 /* Frameworks */ = {
			isa = PBXFrameworksBuildPhase;
			buildActionMask = 2147483647;
			files = (
			);
			runOnlyForDeploymentPostprocessing = 0;
		};
		843A67EE2C12021200B4C9E2 /* Frameworks */ = {
			isa = PBXFrameworksBuildPhase;
			buildActionMask = 2147483647;
			files = (
			);
			runOnlyForDeploymentPostprocessing = 0;
		};
/* End PBXFrameworksBuildPhase section */

/* Begin PBXGroup section */
		841533412C37CA00005CB744 /* StorageProvider */ = {
			isa = PBXGroup;
			children = (
				841533422C37CA1C005CB744 /* StorageProvider.swift */,
			);
			path = StorageProvider;
			sourceTree = "<group>";
		};
		842C2F612C3451B0009AF60D /* Controller */ = {
			isa = PBXGroup;
			children = (
				842C2F642C3451C3009AF60D /* HomeViewController.swift */,
				842C2F662C3451F7009AF60D /* DetailViewController.swift */,
				84636E002C40263300C93AE7 /* FavouriteViewController.swift */,
			);
			path = Controller;
			sourceTree = "<group>";
		};
		842C2F622C3451B2009AF60D /* View */ = {
			isa = PBXGroup;
			children = (
				842C2F742C3454BA009AF60D /* Screens */,
				842C2F732C3454B6009AF60D /* Cells */,
			);
			path = View;
			sourceTree = "<group>";
		};
		842C2F632C3451B6009AF60D /* Model */ = {
			isa = PBXGroup;
			children = (
				842C2F6A2C34522D009AF60D /* Models */,
				842C2F722C345492009AF60D /* Service */,
				841533412C37CA00005CB744 /* StorageProvider */,
				842C2F712C345486009AF60D /* Helpers */,
				842C2F772C345B3C009AF60D /* Extension */,
			);
			path = Model;
			sourceTree = "<group>";
		};
		842C2F6A2C34522D009AF60D /* Models */ = {
			isa = PBXGroup;
			children = (
				842C2F6B2C345234009AF60D /* PokemonListModel.swift */,
				84BDFD342C356E80003B65BC /* PokemonDetailModel.swift */,
			);
			path = Models;
			sourceTree = "<group>";
		};
		842C2F712C345486009AF60D /* Helpers */ = {
			isa = PBXGroup;
			children = (
				84636E022C40392900C93AE7 /* BaseNavigationController.swift */,
				842C2F6F2C34526D009AF60D /* Constant.swift */,
				842C2F6D2C345257009AF60D /* NetworkError.swift */,
			);
			path = Helpers;
			sourceTree = "<group>";
		};
		842C2F722C345492009AF60D /* Service */ = {
			isa = PBXGroup;
			children = (
				842C2F7A2C345B9F009AF60D /* HomeApiService.swift */,
				84BDFD322C356DDB003B65BC /* DetailApiService.swift */,
			);
			path = Service;
			sourceTree = "<group>";
		};
		842C2F732C3454B6009AF60D /* Cells */ = {
			isa = PBXGroup;
			children = (
				842C2F682C345216009AF60D /* HomeViewCell.swift */,
				849889822C4103BE00BB4E55 /* FavouriteViewCell.swift */,
			);
			path = Cells;
			sourceTree = "<group>";
		};
		842C2F742C3454BA009AF60D /* Screens */ = {
			isa = PBXGroup;
			children = (
				842C2F752C3454D4009AF60D /* HomeView.swift */,
				842C2F7C2C345CFC009AF60D /* DetailView.swift */,
				849889802C41035700BB4E55 /* FavouriteView.swift */,
			);
			path = Screens;
			sourceTree = "<group>";
		};
		842C2F772C345B3C009AF60D /* Extension */ = {
			isa = PBXGroup;
			children = (
				8498897E2C4102C600BB4E55 /* UIViewController+Extension.swift */,
				8444BC042C36A556007AF43D /* UIImageView+Extension.swift */,
			);
			path = Extension;
			sourceTree = "<group>";
		};
		843A67C82C12021000B4C9E2 = {
			isa = PBXGroup;
			children = (
				843A67D32C12021000B4C9E2 /* MVC-Architecture */,
				843A67EA2C12021200B4C9E2 /* MVC-ArchitectureTests */,
				843A67F42C12021200B4C9E2 /* MVC-ArchitectureUITests */,
				843A67D22C12021000B4C9E2 /* Products */,
			);
			sourceTree = "<group>";
		};
		843A67D22C12021000B4C9E2 /* Products */ = {
			isa = PBXGroup;
			children = (
				843A67D12C12021000B4C9E2 /* MVC-Architecture.app */,
				843A67E72C12021200B4C9E2 /* MVC-ArchitectureTests.xctest */,
				843A67F12C12021200B4C9E2 /* MVC-ArchitectureUITests.xctest */,
			);
			name = Products;
			sourceTree = "<group>";
		};
		843A67D32C12021000B4C9E2 /* MVC-Architecture */ = {
			isa = PBXGroup;
			children = (
				84636E042C403D3400C93AE7 /* App */,
				842C2F632C3451B6009AF60D /* Model */,
				842C2F622C3451B2009AF60D /* View */,
				842C2F612C3451B0009AF60D /* Controller */,
				843A67DD2C12021200B4C9E2 /* Assets.xcassets */,
				843A67E22C12021200B4C9E2 /* Info.plist */,
				8415333E2C37C800005CB744 /* PokemonDataModel.xcdatamodeld */,
			);
			path = "MVC-Architecture";
			sourceTree = "<group>";
		};
		843A67EA2C12021200B4C9E2 /* MVC-ArchitectureTests */ = {
			isa = PBXGroup;
			children = (
				843A67EB2C12021200B4C9E2 /* MVC_ArchitectureTests.swift */,
			);
			path = "MVC-ArchitectureTests";
			sourceTree = "<group>";
		};
		843A67F42C12021200B4C9E2 /* MVC-ArchitectureUITests */ = {
			isa = PBXGroup;
			children = (
				843A67F52C12021200B4C9E2 /* MVC_ArchitectureUITests.swift */,
				843A67F72C12021200B4C9E2 /* MVC_ArchitectureUITestsLaunchTests.swift */,
			);
			path = "MVC-ArchitectureUITests";
			sourceTree = "<group>";
		};
		84636E042C403D3400C93AE7 /* App */ = {
			isa = PBXGroup;
			children = (
				843A67D42C12021000B4C9E2 /* AppDelegate.swift */,
				843A67D62C12021000B4C9E2 /* SceneDelegate.swift */,
			);
			path = App;
			sourceTree = "<group>";
		};
/* End PBXGroup section */

/* Begin PBXNativeTarget section */
		843A67D02C12021000B4C9E2 /* MVC-Architecture */ = {
			isa = PBXNativeTarget;
			buildConfigurationList = 843A67FB2C12021200B4C9E2 /* Build configuration list for PBXNativeTarget "MVC-Architecture" */;
			buildPhases = (
				843A67CD2C12021000B4C9E2 /* Sources */,
				843A67CE2C12021000B4C9E2 /* Frameworks */,
				843A67CF2C12021000B4C9E2 /* Resources */,
			);
			buildRules = (
			);
			dependencies = (
			);
			name = "MVC-Architecture";
			packageProductDependencies = (
				8444BC002C369AB5007AF43D /* Kingfisher */,
				8498897C2C41021800BB4E55 /* SVProgressHUD */,
			);
			productName = "MVC-Architecture";
			productReference = 843A67D12C12021000B4C9E2 /* MVC-Architecture.app */;
			productType = "com.apple.product-type.application";
		};
		843A67E62C12021200B4C9E2 /* MVC-ArchitectureTests */ = {
			isa = PBXNativeTarget;
			buildConfigurationList = 843A67FE2C12021200B4C9E2 /* Build configuration list for PBXNativeTarget "MVC-ArchitectureTests" */;
			buildPhases = (
				843A67E32C12021200B4C9E2 /* Sources */,
				843A67E42C12021200B4C9E2 /* Frameworks */,
				843A67E52C12021200B4C9E2 /* Resources */,
			);
			buildRules = (
			);
			dependencies = (
				843A67E92C12021200B4C9E2 /* PBXTargetDependency */,
			);
			name = "MVC-ArchitectureTests";
			productName = "MVC-ArchitectureTests";
			productReference = 843A67E72C12021200B4C9E2 /* MVC-ArchitectureTests.xctest */;
			productType = "com.apple.product-type.bundle.unit-test";
		};
		843A67F02C12021200B4C9E2 /* MVC-ArchitectureUITests */ = {
			isa = PBXNativeTarget;
			buildConfigurationList = 843A68012C12021200B4C9E2 /* Build configuration list for PBXNativeTarget "MVC-ArchitectureUITests" */;
			buildPhases = (
				843A67ED2C12021200B4C9E2 /* Sources */,
				843A67EE2C12021200B4C9E2 /* Frameworks */,
				843A67EF2C12021200B4C9E2 /* Resources */,
			);
			buildRules = (
			);
			dependencies = (
				843A67F32C12021200B4C9E2 /* PBXTargetDependency */,
			);
			name = "MVC-ArchitectureUITests";
			productName = "MVC-ArchitectureUITests";
			productReference = 843A67F12C12021200B4C9E2 /* MVC-ArchitectureUITests.xctest */;
			productType = "com.apple.product-type.bundle.ui-testing";
		};
/* End PBXNativeTarget section */

/* Begin PBXProject section */
		843A67C92C12021000B4C9E2 /* Project object */ = {
			isa = PBXProject;
			attributes = {
				BuildIndependentTargetsInParallel = 1;
				LastSwiftUpdateCheck = 1540;
				LastUpgradeCheck = 1600;
				TargetAttributes = {
					843A67D02C12021000B4C9E2 = {
						CreatedOnToolsVersion = 15.4;
					};
					843A67E62C12021200B4C9E2 = {
						CreatedOnToolsVersion = 15.4;
						TestTargetID = 843A67D02C12021000B4C9E2;
					};
					843A67F02C12021200B4C9E2 = {
						CreatedOnToolsVersion = 15.4;
						TestTargetID = 843A67D02C12021000B4C9E2;
					};
				};
			};
			buildConfigurationList = 843A67CC2C12021000B4C9E2 /* Build configuration list for PBXProject "MVC-Architecture" */;
			compatibilityVersion = "Xcode 14.0";
			developmentRegion = en;
			hasScannedForEncodings = 0;
			knownRegions = (
				en,
				Base,
			);
			mainGroup = 843A67C82C12021000B4C9E2;
			packageReferences = (
				8444BBFF2C369AB5007AF43D /* XCRemoteSwiftPackageReference "Kingfisher" */,
				8498897B2C41021800BB4E55 /* XCRemoteSwiftPackageReference "SVProgressHUD" */,
			);
			productRefGroup = 843A67D22C12021000B4C9E2 /* Products */;
			projectDirPath = "";
			projectRoot = "";
			targets = (
				843A67D02C12021000B4C9E2 /* MVC-Architecture */,
				843A67E62C12021200B4C9E2 /* MVC-ArchitectureTests */,
				843A67F02C12021200B4C9E2 /* MVC-ArchitectureUITests */,
			);
		};
/* End PBXProject section */

/* Begin PBXResourcesBuildPhase section */
		843A67CF2C12021000B4C9E2 /* Resources */ = {
			isa = PBXResourcesBuildPhase;
			buildActionMask = 2147483647;
			files = (
				843A67DE2C12021200B4C9E2 /* Assets.xcassets in Resources */,
			);
			runOnlyForDeploymentPostprocessing = 0;
		};
		843A67E52C12021200B4C9E2 /* Resources */ = {
			isa = PBXResourcesBuildPhase;
			buildActionMask = 2147483647;
			files = (
			);
			runOnlyForDeploymentPostprocessing = 0;
		};
		843A67EF2C12021200B4C9E2 /* Resources */ = {
			isa = PBXResourcesBuildPhase;
			buildActionMask = 2147483647;
			files = (
			);
			runOnlyForDeploymentPostprocessing = 0;
		};
/* End PBXResourcesBuildPhase section */

/* Begin PBXSourcesBuildPhase section */
		843A67CD2C12021000B4C9E2 /* Sources */ = {
			isa = PBXSourcesBuildPhase;
			buildActionMask = 2147483647;
			files = (
				8444BC052C36A55F007AF43D /* UIImageView+Extension.swift in Sources */,
				842C2F762C3454D7009AF60D /* HomeView.swift in Sources */,
				849889812C41035B00BB4E55 /* FavouriteView.swift in Sources */,
				841533432C37CA1E005CB744 /* StorageProvider.swift in Sources */,
				842C2F7D2C345D00009AF60D /* DetailView.swift in Sources */,
				84636E012C40263300C93AE7 /* FavouriteViewController.swift in Sources */,
				84636E032C40392F00C93AE7 /* BaseNavigationController.swift in Sources */,
				84BDFD352C356E81003B65BC /* PokemonDetailModel.swift in Sources */,
				842C2F6E2C345259009AF60D /* NetworkError.swift in Sources */,
				8498897F2C4102CF00BB4E55 /* UIViewController+Extension.swift in Sources */,
				842C2F702C34526E009AF60D /* Constant.swift in Sources */,
				843A67D52C12021000B4C9E2 /* AppDelegate.swift in Sources */,
				842C2F672C3451F9009AF60D /* DetailViewController.swift in Sources */,
				842C2F7B2C345BB2009AF60D /* HomeApiService.swift in Sources */,
				849889832C4103C500BB4E55 /* FavouriteViewCell.swift in Sources */,
				841533402C37C800005CB744 /* PokemonDataModel.xcdatamodeld in Sources */,
				843A67D72C12021000B4C9E2 /* SceneDelegate.swift in Sources */,
				842C2F6C2C345235009AF60D /* PokemonListModel.swift in Sources */,
				842C2F652C3451C9009AF60D /* HomeViewController.swift in Sources */,
				842C2F692C345217009AF60D /* HomeViewCell.swift in Sources */,
				84BDFD332C356DE0003B65BC /* DetailApiService.swift in Sources */,
			);
			runOnlyForDeploymentPostprocessing = 0;
		};
		843A67E32C12021200B4C9E2 /* Sources */ = {
			isa = PBXSourcesBuildPhase;
			buildActionMask = 2147483647;
			files = (
				843A67EC2C12021200B4C9E2 /* MVC_ArchitectureTests.swift in Sources */,
			);
			runOnlyForDeploymentPostprocessing = 0;
		};
		843A67ED2C12021200B4C9E2 /* Sources */ = {
			isa = PBXSourcesBuildPhase;
			buildActionMask = 2147483647;
			files = (
				843A67F82C12021200B4C9E2 /* MVC_ArchitectureUITestsLaunchTests.swift in Sources */,
				843A67F62C12021200B4C9E2 /* MVC_ArchitectureUITests.swift in Sources */,
			);
			runOnlyForDeploymentPostprocessing = 0;
		};
/* End PBXSourcesBuildPhase section */

/* Begin PBXTargetDependency section */
		843A67E92C12021200B4C9E2 /* PBXTargetDependency */ = {
			isa = PBXTargetDependency;
			target = 843A67D02C12021000B4C9E2 /* MVC-Architecture */;
			targetProxy = 843A67E82C12021200B4C9E2 /* PBXContainerItemProxy */;
		};
		843A67F32C12021200B4C9E2 /* PBXTargetDependency */ = {
			isa = PBXTargetDependency;
			target = 843A67D02C12021000B4C9E2 /* MVC-Architecture */;
			targetProxy = 843A67F22C12021200B4C9E2 /* PBXContainerItemProxy */;
		};
/* End PBXTargetDependency section */

/* Begin XCBuildConfiguration section */
		843A67F92C12021200B4C9E2 /* Debug */ = {
			isa = XCBuildConfiguration;
			buildSettings = {
				ALWAYS_SEARCH_USER_PATHS = NO;
				ASSETCATALOG_COMPILER_GENERATE_SWIFT_ASSET_SYMBOL_EXTENSIONS = YES;
				CLANG_ANALYZER_NONNULL = YES;
				CLANG_ANALYZER_NUMBER_OBJECT_CONVERSION = YES_AGGRESSIVE;
				CLANG_CXX_LANGUAGE_STANDARD = "gnu++20";
				CLANG_ENABLE_MODULES = YES;
				CLANG_ENABLE_OBJC_ARC = YES;
				CLANG_ENABLE_OBJC_WEAK = YES;
				CLANG_WARN_BLOCK_CAPTURE_AUTORELEASING = YES;
				CLANG_WARN_BOOL_CONVERSION = YES;
				CLANG_WARN_COMMA = YES;
				CLANG_WARN_CONSTANT_CONVERSION = YES;
				CLANG_WARN_DEPRECATED_OBJC_IMPLEMENTATIONS = YES;
				CLANG_WARN_DIRECT_OBJC_ISA_USAGE = YES_ERROR;
				CLANG_WARN_DOCUMENTATION_COMMENTS = YES;
				CLANG_WARN_EMPTY_BODY = YES;
				CLANG_WARN_ENUM_CONVERSION = YES;
				CLANG_WARN_INFINITE_RECURSION = YES;
				CLANG_WARN_INT_CONVERSION = YES;
				CLANG_WARN_NON_LITERAL_NULL_CONVERSION = YES;
				CLANG_WARN_OBJC_IMPLICIT_RETAIN_SELF = YES;
				CLANG_WARN_OBJC_LITERAL_CONVERSION = YES;
				CLANG_WARN_OBJC_ROOT_CLASS = YES_ERROR;
				CLANG_WARN_QUOTED_INCLUDE_IN_FRAMEWORK_HEADER = YES;
				CLANG_WARN_RANGE_LOOP_ANALYSIS = YES;
				CLANG_WARN_STRICT_PROTOTYPES = YES;
				CLANG_WARN_SUSPICIOUS_MOVE = YES;
				CLANG_WARN_UNGUARDED_AVAILABILITY = YES_AGGRESSIVE;
				CLANG_WARN_UNREACHABLE_CODE = YES;
				CLANG_WARN__DUPLICATE_METHOD_MATCH = YES;
				COPY_PHASE_STRIP = NO;
				DEBUG_INFORMATION_FORMAT = dwarf;
				ENABLE_STRICT_OBJC_MSGSEND = YES;
				ENABLE_TESTABILITY = YES;
				ENABLE_USER_SCRIPT_SANDBOXING = YES;
				GCC_C_LANGUAGE_STANDARD = gnu17;
				GCC_DYNAMIC_NO_PIC = NO;
				GCC_NO_COMMON_BLOCKS = YES;
				GCC_OPTIMIZATION_LEVEL = 0;
				GCC_PREPROCESSOR_DEFINITIONS = (
					"DEBUG=1",
					"$(inherited)",
				);
				GCC_WARN_64_TO_32_BIT_CONVERSION = YES;
				GCC_WARN_ABOUT_RETURN_TYPE = YES_ERROR;
				GCC_WARN_UNDECLARED_SELECTOR = YES;
				GCC_WARN_UNINITIALIZED_AUTOS = YES_AGGRESSIVE;
				GCC_WARN_UNUSED_FUNCTION = YES;
				GCC_WARN_UNUSED_VARIABLE = YES;
				IPHONEOS_DEPLOYMENT_TARGET = 17.5;
				LOCALIZATION_PREFERS_STRING_CATALOGS = YES;
				MTL_ENABLE_DEBUG_INFO = INCLUDE_SOURCE;
				MTL_FAST_MATH = YES;
				ONLY_ACTIVE_ARCH = YES;
				SDKROOT = iphoneos;
				SWIFT_ACTIVE_COMPILATION_CONDITIONS = "DEBUG $(inherited)";
				SWIFT_OPTIMIZATION_LEVEL = "-Onone";
			};
			name = Debug;
		};
		843A67FA2C12021200B4C9E2 /* Release */ = {
			isa = XCBuildConfiguration;
			buildSettings = {
				ALWAYS_SEARCH_USER_PATHS = NO;
				ASSETCATALOG_COMPILER_GENERATE_SWIFT_ASSET_SYMBOL_EXTENSIONS = YES;
				CLANG_ANALYZER_NONNULL = YES;
				CLANG_ANALYZER_NUMBER_OBJECT_CONVERSION = YES_AGGRESSIVE;
				CLANG_CXX_LANGUAGE_STANDARD = "gnu++20";
				CLANG_ENABLE_MODULES = YES;
				CLANG_ENABLE_OBJC_ARC = YES;
				CLANG_ENABLE_OBJC_WEAK = YES;
				CLANG_WARN_BLOCK_CAPTURE_AUTORELEASING = YES;
				CLANG_WARN_BOOL_CONVERSION = YES;
				CLANG_WARN_COMMA = YES;
				CLANG_WARN_CONSTANT_CONVERSION = YES;
				CLANG_WARN_DEPRECATED_OBJC_IMPLEMENTATIONS = YES;
				CLANG_WARN_DIRECT_OBJC_ISA_USAGE = YES_ERROR;
				CLANG_WARN_DOCUMENTATION_COMMENTS = YES;
				CLANG_WARN_EMPTY_BODY = YES;
				CLANG_WARN_ENUM_CONVERSION = YES;
				CLANG_WARN_INFINITE_RECURSION = YES;
				CLANG_WARN_INT_CONVERSION = YES;
				CLANG_WARN_NON_LITERAL_NULL_CONVERSION = YES;
				CLANG_WARN_OBJC_IMPLICIT_RETAIN_SELF = YES;
				CLANG_WARN_OBJC_LITERAL_CONVERSION = YES;
				CLANG_WARN_OBJC_ROOT_CLASS = YES_ERROR;
				CLANG_WARN_QUOTED_INCLUDE_IN_FRAMEWORK_HEADER = YES;
				CLANG_WARN_RANGE_LOOP_ANALYSIS = YES;
				CLANG_WARN_STRICT_PROTOTYPES = YES;
				CLANG_WARN_SUSPICIOUS_MOVE = YES;
				CLANG_WARN_UNGUARDED_AVAILABILITY = YES_AGGRESSIVE;
				CLANG_WARN_UNREACHABLE_CODE = YES;
				CLANG_WARN__DUPLICATE_METHOD_MATCH = YES;
				COPY_PHASE_STRIP = NO;
				DEBUG_INFORMATION_FORMAT = "dwarf-with-dsym";
				ENABLE_NS_ASSERTIONS = NO;
				ENABLE_STRICT_OBJC_MSGSEND = YES;
				ENABLE_USER_SCRIPT_SANDBOXING = YES;
				GCC_C_LANGUAGE_STANDARD = gnu17;
				GCC_NO_COMMON_BLOCKS = YES;
				GCC_WARN_64_TO_32_BIT_CONVERSION = YES;
				GCC_WARN_ABOUT_RETURN_TYPE = YES_ERROR;
				GCC_WARN_UNDECLARED_SELECTOR = YES;
				GCC_WARN_UNINITIALIZED_AUTOS = YES_AGGRESSIVE;
				GCC_WARN_UNUSED_FUNCTION = YES;
				GCC_WARN_UNUSED_VARIABLE = YES;
				IPHONEOS_DEPLOYMENT_TARGET = 17.5;
				LOCALIZATION_PREFERS_STRING_CATALOGS = YES;
				MTL_ENABLE_DEBUG_INFO = NO;
				MTL_FAST_MATH = YES;
				SDKROOT = iphoneos;
				SWIFT_COMPILATION_MODE = wholemodule;
				VALIDATE_PRODUCT = YES;
			};
			name = Release;
		};
		843A67FC2C12021200B4C9E2 /* Debug */ = {
			isa = XCBuildConfiguration;
			buildSettings = {
				ASSETCATALOG_COMPILER_APPICON_NAME = AppIcon;
				ASSETCATALOG_COMPILER_GLOBAL_ACCENT_COLOR_NAME = AccentColor;
				CODE_SIGN_STYLE = Automatic;
				CURRENT_PROJECT_VERSION = 1;
				GENERATE_INFOPLIST_FILE = YES;
				INFOPLIST_FILE = "MVC-Architecture/Info.plist";
				INFOPLIST_KEY_UIApplicationSupportsIndirectInputEvents = YES;
				INFOPLIST_KEY_UILaunchStoryboardName = LaunchScreen;
				INFOPLIST_KEY_UISupportedInterfaceOrientations_iPad = "UIInterfaceOrientationPortrait UIInterfaceOrientationPortraitUpsideDown UIInterfaceOrientationLandscapeLeft UIInterfaceOrientationLandscapeRight";
				INFOPLIST_KEY_UISupportedInterfaceOrientations_iPhone = "UIInterfaceOrientationPortrait UIInterfaceOrientationLandscapeLeft UIInterfaceOrientationLandscapeRight";
				LD_RUNPATH_SEARCH_PATHS = (
					"$(inherited)",
					"@executable_path/Frameworks",
				);
				MARKETING_VERSION = 1.0;
				PRODUCT_BUNDLE_IDENTIFIER = "com.russel.MVC-Architecture";
				PRODUCT_NAME = "$(TARGET_NAME)";
				SWIFT_EMIT_LOC_STRINGS = YES;
				SWIFT_VERSION = 5.0;
				TARGETED_DEVICE_FAMILY = "1,2";
			};
			name = Debug;
		};
		843A67FD2C12021200B4C9E2 /* Release */ = {
			isa = XCBuildConfiguration;
			buildSettings = {
				ASSETCATALOG_COMPILER_APPICON_NAME = AppIcon;
				ASSETCATALOG_COMPILER_GLOBAL_ACCENT_COLOR_NAME = AccentColor;
				CODE_SIGN_STYLE = Automatic;
				CURRENT_PROJECT_VERSION = 1;
				GENERATE_INFOPLIST_FILE = YES;
				INFOPLIST_FILE = "MVC-Architecture/Info.plist";
				INFOPLIST_KEY_UIApplicationSupportsIndirectInputEvents = YES;
				INFOPLIST_KEY_UILaunchStoryboardName = LaunchScreen;
				INFOPLIST_KEY_UISupportedInterfaceOrientations_iPad = "UIInterfaceOrientationPortrait UIInterfaceOrientationPortraitUpsideDown UIInterfaceOrientationLandscapeLeft UIInterfaceOrientationLandscapeRight";
				INFOPLIST_KEY_UISupportedInterfaceOrientations_iPhone = "UIInterfaceOrientationPortrait UIInterfaceOrientationLandscapeLeft UIInterfaceOrientationLandscapeRight";
				LD_RUNPATH_SEARCH_PATHS = (
					"$(inherited)",
					"@executable_path/Frameworks",
				);
				MARKETING_VERSION = 1.0;
				PRODUCT_BUNDLE_IDENTIFIER = "com.russel.MVC-Architecture";
				PRODUCT_NAME = "$(TARGET_NAME)";
				SWIFT_EMIT_LOC_STRINGS = YES;
				SWIFT_VERSION = 5.0;
				TARGETED_DEVICE_FAMILY = "1,2";
			};
			name = Release;
		};
		843A67FF2C12021200B4C9E2 /* Debug */ = {
			isa = XCBuildConfiguration;
			buildSettings = {
				BUNDLE_LOADER = "$(TEST_HOST)";
				CODE_SIGN_STYLE = Automatic;
				CURRENT_PROJECT_VERSION = 1;
				GENERATE_INFOPLIST_FILE = YES;
				IPHONEOS_DEPLOYMENT_TARGET = 17.5;
				MARKETING_VERSION = 1.0;
				PRODUCT_BUNDLE_IDENTIFIER = "com.russel.MVC-ArchitectureTests";
				PRODUCT_NAME = "$(TARGET_NAME)";
				SWIFT_EMIT_LOC_STRINGS = NO;
				SWIFT_VERSION = 5.0;
				TARGETED_DEVICE_FAMILY = "1,2";
				TEST_HOST = "$(BUILT_PRODUCTS_DIR)/MVC-Architecture.app/$(BUNDLE_EXECUTABLE_FOLDER_PATH)/MVC-Architecture";
			};
			name = Debug;
		};
		843A68002C12021200B4C9E2 /* Release */ = {
			isa = XCBuildConfiguration;
			buildSettings = {
				BUNDLE_LOADER = "$(TEST_HOST)";
				CODE_SIGN_STYLE = Automatic;
				CURRENT_PROJECT_VERSION = 1;
				GENERATE_INFOPLIST_FILE = YES;
				IPHONEOS_DEPLOYMENT_TARGET = 17.5;
				MARKETING_VERSION = 1.0;
				PRODUCT_BUNDLE_IDENTIFIER = "com.russel.MVC-ArchitectureTests";
				PRODUCT_NAME = "$(TARGET_NAME)";
				SWIFT_EMIT_LOC_STRINGS = NO;
				SWIFT_VERSION = 5.0;
				TARGETED_DEVICE_FAMILY = "1,2";
				TEST_HOST = "$(BUILT_PRODUCTS_DIR)/MVC-Architecture.app/$(BUNDLE_EXECUTABLE_FOLDER_PATH)/MVC-Architecture";
			};
			name = Release;
		};
		843A68022C12021200B4C9E2 /* Debug */ = {
			isa = XCBuildConfiguration;
			buildSettings = {
				CODE_SIGN_STYLE = Automatic;
				CURRENT_PROJECT_VERSION = 1;
				GENERATE_INFOPLIST_FILE = YES;
				MARKETING_VERSION = 1.0;
				PRODUCT_BUNDLE_IDENTIFIER = "com.russel.MVC-ArchitectureUITests";
				PRODUCT_NAME = "$(TARGET_NAME)";
				SWIFT_EMIT_LOC_STRINGS = NO;
				SWIFT_VERSION = 5.0;
				TARGETED_DEVICE_FAMILY = "1,2";
				TEST_TARGET_NAME = "MVC-Architecture";
			};
			name = Debug;
		};
		843A68032C12021200B4C9E2 /* Release */ = {
			isa = XCBuildConfiguration;
			buildSettings = {
				CODE_SIGN_STYLE = Automatic;
				CURRENT_PROJECT_VERSION = 1;
				GENERATE_INFOPLIST_FILE = YES;
				MARKETING_VERSION = 1.0;
				PRODUCT_BUNDLE_IDENTIFIER = "com.russel.MVC-ArchitectureUITests";
				PRODUCT_NAME = "$(TARGET_NAME)";
				SWIFT_EMIT_LOC_STRINGS = NO;
				SWIFT_VERSION = 5.0;
				TARGETED_DEVICE_FAMILY = "1,2";
				TEST_TARGET_NAME = "MVC-Architecture";
			};
			name = Release;
		};
/* End XCBuildConfiguration section */

/* Begin XCConfigurationList section */
		843A67CC2C12021000B4C9E2 /* Build configuration list for PBXProject "MVC-Architecture" */ = {
			isa = XCConfigurationList;
			buildConfigurations = (
				843A67F92C12021200B4C9E2 /* Debug */,
				843A67FA2C12021200B4C9E2 /* Release */,
			);
			defaultConfigurationIsVisible = 0;
			defaultConfigurationName = Release;
		};
		843A67FB2C12021200B4C9E2 /* Build configuration list for PBXNativeTarget "MVC-Architecture" */ = {
			isa = XCConfigurationList;
			buildConfigurations = (
				843A67FC2C12021200B4C9E2 /* Debug */,
				843A67FD2C12021200B4C9E2 /* Release */,
			);
			defaultConfigurationIsVisible = 0;
			defaultConfigurationName = Release;
		};
		843A67FE2C12021200B4C9E2 /* Build configuration list for PBXNativeTarget "MVC-ArchitectureTests" */ = {
			isa = XCConfigurationList;
			buildConfigurations = (
				843A67FF2C12021200B4C9E2 /* Debug */,
				843A68002C12021200B4C9E2 /* Release */,
			);
			defaultConfigurationIsVisible = 0;
			defaultConfigurationName = Release;
		};
		843A68012C12021200B4C9E2 /* Build configuration list for PBXNativeTarget "MVC-ArchitectureUITests" */ = {
			isa = XCConfigurationList;
			buildConfigurations = (
				843A68022C12021200B4C9E2 /* Debug */,
				843A68032C12021200B4C9E2 /* Release */,
			);
			defaultConfigurationIsVisible = 0;
			defaultConfigurationName = Release;
		};
/* End XCConfigurationList section */

/* Begin XCRemoteSwiftPackageReference section */
		8444BBFF2C369AB5007AF43D /* XCRemoteSwiftPackageReference "Kingfisher" */ = {
			isa = XCRemoteSwiftPackageReference;
			repositoryURL = "https://github.com/onevcat/Kingfisher";
			requirement = {
				kind = upToNextMajorVersion;
				minimumVersion = 7.12.0;
			};
		};
		8498897B2C41021800BB4E55 /* XCRemoteSwiftPackageReference "SVProgressHUD" */ = {
			isa = XCRemoteSwiftPackageReference;
			repositoryURL = "https://github.com/SVProgressHUD/SVProgressHUD";
			requirement = {
				kind = upToNextMajorVersion;
				minimumVersion = 2.3.1;
			};
		};
/* End XCRemoteSwiftPackageReference section */

/* Begin XCSwiftPackageProductDependency section */
		8444BC002C369AB5007AF43D /* Kingfisher */ = {
			isa = XCSwiftPackageProductDependency;
			package = 8444BBFF2C369AB5007AF43D /* XCRemoteSwiftPackageReference "Kingfisher" */;
			productName = Kingfisher;
		};
		8498897C2C41021800BB4E55 /* SVProgressHUD */ = {
			isa = XCSwiftPackageProductDependency;
			package = 8498897B2C41021800BB4E55 /* XCRemoteSwiftPackageReference "SVProgressHUD" */;
			productName = SVProgressHUD;
		};
/* End XCSwiftPackageProductDependency section */

/* Begin XCVersionGroup section */
		8415333E2C37C800005CB744 /* PokemonDataModel.xcdatamodeld */ = {
			isa = XCVersionGroup;
			children = (
				8415333F2C37C800005CB744 /* PokemonDataModel.xcdatamodel */,
			);
			currentVersion = 8415333F2C37C800005CB744 /* PokemonDataModel.xcdatamodel */;
			path = PokemonDataModel.xcdatamodeld;
			sourceTree = "<group>";
			versionGroupType = wrapper.xcdatamodel;
		};
/* End XCVersionGroup section */
	};
	rootObject = 843A67C92C12021000B4C9E2 /* Project object */;
}
